
Microsoft Visual Studio Solution File, Format Version 12.00
# Visual Studio 15
Project("{FAE04EC0-301F-11D3-BF4B-00C04F79EFBC}") = "rengongzhineng", "rengongzhineng\rengongzhineng.csproj", "{72ADE536-F039-4EC7-8609-1A0B250783DC}"
EndProject
Global
	GlobalSection(SolutionConfigurationPlatforms) = preSolution
		Debug|anycpu = Debug|anycpu
		Release|anycpu = Release|anycpu
	EndGlobalSection
	GlobalSection(ProjectConfigurationPlatforms) = postSolution
		{72ADE536-F039-4EC7-8609-1A0B250783DC}.Debug|anycpu.ActiveCfg = Debug|anycpu
		{72ADE536-F039-4EC7-8609-1A0B250783DC}.Debug|anycpu.Build.0 = Debug|anycpu
		{72ADE536-F039-4EC7-8609-1A0B250783DC}.Release|anycpu.ActiveCfg = Release|anycpu
		{72ADE536-F039-4EC7-8609-1A0B250783DC}.Release|anycpu.Build.0 = Release|anycpu
	EndGlobalSection
EndGlobal
